
Microsoft Visual Studio Solution File, Format Version 12.00
# Visual Studio Version 16
VisualStudioVersion = 16.0.30002.166
MinimumVisualStudioVersion = 10.0.40219.1
Project("{9A19103F-16F7-4668-BE54-9A1E7A4F7556}") = "Class01", "Class01\Class01.csproj", "{BA52F663-9E77-4747-BEF0-F4C84EDB30E8}"
EndProject
Project("{9A19103F-16F7-4668-BE54-9A1E7A4F7556}") = "Class03", "Class03\Class03.csproj", "{79FAEE83-6516-4E83-B2A6-3381E5D330C5}"
EndProject
Project("{9A19103F-16F7-4668-BE54-9A1E7A4F7556}") = "Class04", "Class04\Class04.csproj", "{D18A1A7E-E784-4083-A873-4CFBFED75FC2}"
EndProject
Project("{FAE04EC0-301F-11D3-BF4B-00C04F79EFBC}") = "Class05", "Class05\Class05.csproj", "{C59239F2-F4FE-4761-A19F-61B47C2BAEC4}"
EndProject
Global
	GlobalSection(SolutionConfigurationPlatforms) = preSolution
		Debug|Any CPU = Debug|Any CPU
		Release|Any CPU = Release|Any CPU
	EndGlobalSection
	GlobalSection(ProjectConfigurationPlatforms) = postSolution
		{BA52F663-9E77-4747-BEF0-F4C84EDB30E8}.Debug|Any CPU.ActiveCfg = Debug|Any CPU
		{BA52F663-9E77-4747-BEF0-F4C84EDB30E8}.Debug|Any CPU.Build.0 = Debug|Any CPU
		{BA52F663-9E77-4747-BEF0-F4C84EDB30E8}.Release|Any CPU.ActiveCfg = Release|Any CPU
		{BA52F663-9E77-4747-BEF0-F4C84EDB30E8}.Release|Any CPU.Build.0 = Release|Any CPU
		{79FAEE83-6516-4E83-B2A6-3381E5D330C5}.Debug|Any CPU.ActiveCfg = Debug|Any CPU
		{79FAEE83-6516-4E83-B2A6-3381E5D330C5}.Debug|Any CPU.Build.0 = Debug|Any CPU
		{79FAEE83-6516-4E83-B2A6-3381E5D330C5}.Release|Any CPU.ActiveCfg = Release|Any CPU
		{79FAEE83-6516-4E83-B2A6-3381E5D330C5}.Release|Any CPU.Build.0 = Release|Any CPU
		{D18A1A7E-E784-4083-A873-4CFBFED75FC2}.Debug|Any CPU.ActiveCfg = Debug|Any CPU
		{D18A1A7E-E784-4083-A873-4CFBFED75FC2}.Debug|Any CPU.Build.0 = Debug|Any CPU
		{D18A1A7E-E784-4083-A873-4CFBFED75FC2}.Release|Any CPU.ActiveCfg = Release|Any CPU
		{D18A1A7E-E784-4083-A873-4CFBFED75FC2}.Release|Any CPU.Build.0 = Release|Any CPU
		{C59239F2-F4FE-4761-A19F-61B47C2BAEC4}.Debug|Any CPU.ActiveCfg = Debug|Any CPU
		{C59239F2-F4FE-4761-A19F-61B47C2BAEC4}.Debug|Any CPU.Build.0 = Debug|Any CPU
		{C59239F2-F4FE-4761-A19F-61B47C2BAEC4}.Release|Any CPU.ActiveCfg = Release|Any CPU
		{C59239F2-F4FE-4761-A19F-61B47C2BAEC4}.Release|Any CPU.Build.0 = Release|Any CPU
	EndGlobalSection
	GlobalSection(SolutionProperties) = preSolution
		HideSolutionNode = FALSE
	EndGlobalSection
	GlobalSection(ExtensibilityGlobals) = postSolution
		SolutionGuid = {3E810E1D-BC47-4DA0-B63F-78E2A31B560C}
	EndGlobalSection
EndGlobal
