
Microsoft Visual Studio Solution File, Format Version 12.00
# Visual Studio Version 16
VisualStudioVersion = 16.0.30320.27
MinimumVisualStudioVersion = 10.0.40219.1
Project("{FAE04EC0-301F-11D3-BF4B-00C04F79EFBC}") = "Class53", "Class53\Class53.csproj", "{ED62DA5B-3291-4001-848E-77B2A4DE2FEE}"
EndProject
Global
	GlobalSection(SolutionConfigurationPlatforms) = preSolution
		Debug|Any CPU = Debug|Any CPU
		Release|Any CPU = Release|Any CPU
	EndGlobalSection
	GlobalSection(ProjectConfigurationPlatforms) = postSolution
		{ED62DA5B-3291-4001-848E-77B2A4DE2FEE}.Debug|Any CPU.ActiveCfg = Debug|Any CPU
		{ED62DA5B-3291-4001-848E-77B2A4DE2FEE}.Debug|Any CPU.Build.0 = Debug|Any CPU
		{ED62DA5B-3291-4001-848E-77B2A4DE2FEE}.Release|Any CPU.ActiveCfg = Release|Any CPU
		{ED62DA5B-3291-4001-848E-77B2A4DE2FEE}.Release|Any CPU.Build.0 = Release|Any CPU
	EndGlobalSection
	GlobalSection(SolutionProperties) = preSolution
		HideSolutionNode = FALSE
	EndGlobalSection
	GlobalSection(ExtensibilityGlobals) = postSolution
		SolutionGuid = {77463E36-E8B8-40EA-BDAB-13968F315F8F}
	EndGlobalSection
EndGlobal
