
Microsoft Visual Studio Solution File, Format Version 12.00
# Visual Studio Version 16
VisualStudioVersion = 16.0.30204.135
MinimumVisualStudioVersion = 10.0.40219.1
Project("{FAE04EC0-301F-11D3-BF4B-00C04F79EFBC}") = "Class38", "Class38\Class38.csproj", "{027A0CE1-8079-47C8-9CC6-4C0A1C13ADE9}"
EndProject
Global
	GlobalSection(SolutionConfigurationPlatforms) = preSolution
		Debug|Any CPU = Debug|Any CPU
		Release|Any CPU = Release|Any CPU
	EndGlobalSection
	GlobalSection(ProjectConfigurationPlatforms) = postSolution
		{027A0CE1-8079-47C8-9CC6-4C0A1C13ADE9}.Debug|Any CPU.ActiveCfg = Debug|Any CPU
		{027A0CE1-8079-47C8-9CC6-4C0A1C13ADE9}.Debug|Any CPU.Build.0 = Debug|Any CPU
		{027A0CE1-8079-47C8-9CC6-4C0A1C13ADE9}.Release|Any CPU.ActiveCfg = Release|Any CPU
		{027A0CE1-8079-47C8-9CC6-4C0A1C13ADE9}.Release|Any CPU.Build.0 = Release|Any CPU
	EndGlobalSection
	GlobalSection(SolutionProperties) = preSolution
		HideSolutionNode = FALSE
	EndGlobalSection
	GlobalSection(ExtensibilityGlobals) = postSolution
		SolutionGuid = {DB4914C2-B0E1-4D95-9DCB-7F89BCE2D2EA}
	EndGlobalSection
EndGlobal
