
Microsoft Visual Studio Solution File, Format Version 12.00
# Visual Studio Version 16
VisualStudioVersion = 16.0.30320.27
MinimumVisualStudioVersion = 10.0.40219.1
Project("{9A19103F-16F7-4668-BE54-9A1E7A4F7556}") = "Class54", "Class54\Class54.csproj", "{91807999-C20D-4E38-8450-6AEA9C619F6B}"
EndProject
Project("{FAE04EC0-301F-11D3-BF4B-00C04F79EFBC}") = "Class54Tests", "Class54Tests\Class54Tests.csproj", "{25DCF41B-4976-497B-BB80-F58C47987229}"
EndProject
Global
	GlobalSection(SolutionConfigurationPlatforms) = preSolution
		Debug|Any CPU = Debug|Any CPU
		Release|Any CPU = Release|Any CPU
	EndGlobalSection
	GlobalSection(ProjectConfigurationPlatforms) = postSolution
		{91807999-C20D-4E38-8450-6AEA9C619F6B}.Debug|Any CPU.ActiveCfg = Debug|Any CPU
		{91807999-C20D-4E38-8450-6AEA9C619F6B}.Debug|Any CPU.Build.0 = Debug|Any CPU
		{91807999-C20D-4E38-8450-6AEA9C619F6B}.Release|Any CPU.ActiveCfg = Release|Any CPU
		{91807999-C20D-4E38-8450-6AEA9C619F6B}.Release|Any CPU.Build.0 = Release|Any CPU
		{25DCF41B-4976-497B-BB80-F58C47987229}.Debug|Any CPU.ActiveCfg = Debug|Any CPU
		{25DCF41B-4976-497B-BB80-F58C47987229}.Debug|Any CPU.Build.0 = Debug|Any CPU
		{25DCF41B-4976-497B-BB80-F58C47987229}.Release|Any CPU.ActiveCfg = Release|Any CPU
		{25DCF41B-4976-497B-BB80-F58C47987229}.Release|Any CPU.Build.0 = Release|Any CPU
	EndGlobalSection
	GlobalSection(SolutionProperties) = preSolution
		HideSolutionNode = FALSE
	EndGlobalSection
	GlobalSection(ExtensibilityGlobals) = postSolution
		SolutionGuid = {3E792495-E331-412E-8010-23A3F6CDA85D}
	EndGlobalSection
EndGlobal
